// !$*UTF8*$!
{
	archiveVersion = 1;
	classes = {
	};
	objectVersion = 52;
	objects = {

/* Begin PBXBuildFile section */
		05404770EC7A0C0DAF3D049D /* AFC2Client.m in Sources */ = {isa = PBXBuildFile; fileRef = 169BBB48EC13D9133CAF28B8 /* AFC2Client.m */; };
		067A09FBFD61E4E045A2D07A /* AppDelegate.h in Headers */ = {isa = PBXBuildFile; fileRef = 7457F2FA33E5CD3C0ABAB96E /* AppDelegate.h */; settings = {ATTRIBUTES = (Project, ); }; };
		0756A3D1D8C6A9DE476DD669 /* MacBrowserViewController.m in Sources */ = {isa = PBXBuildFile; fileRef = 20E60FD44817F6C84846C93F /* MacBrowserViewController.m */; };
		10055D6E43B3B2FFFDDD8B3D /* Info.plist in Resources */ = {isa = PBXBuildFile; fileRef = FB368BBCF1E8A604E5D062DC /* Info.plist */; };
		22BDF52123F86F0723D18C1F /* libusbmuxd-2.0.dylib in Copy Frameworks */ = {isa = PBXBuildFile; fileRef = F92ED4473BA509267AABD6E6 /* libusbmuxd-2.0.dylib */; };
		47BB6B6C6EC693A60D3CFC22 /* TransferEngine.h in Headers */ = {isa = PBXBuildFile; fileRef = 9F11559C87AB9642D370741B /* TransferEngine.h */; settings = {ATTRIBUTES = (Project, ); }; };
		4C9FD3C36C72BE188426A110 /* DeviceManager.m in Sources */ = {isa = PBXBuildFile; fileRef = FCC6DC4501EB1C5BCE32A991 /* DeviceManager.m */; };
		4EC0BF7C9A7E35314FD6A722 /* AppDelegate.m in Sources */ = {isa = PBXBuildFile; fileRef = 25257446E33176CD6F09D086 /* AppDelegate.m */; };
		54FB9939D7567AB26C2A9CEC /* iPadBrowserViewController.h in Headers */ = {isa = PBXBuildFile; fileRef = 6FDDB9248DE73041770440CF /* iPadBrowserViewController.h */; settings = {ATTRIBUTES = (Project, ); }; };
		554435982F55741000C5DC19 /* StatusBarController.m in Sources */ = {isa = PBXBuildFile; fileRef = 554435972F55741000C5DC19 /* StatusBarController.m */; };
		554435992F5576AD00C5DC19 /* StatusBarController.h in Headers */ = {isa = PBXBuildFile; fileRef = 554435962F5573F300C5DC19 /* StatusBarController.h */; };
		5A7F97C2D014C2B3811C4D6B /* libimobiledevice-1.0.dylib in Copy Frameworks */ = {isa = PBXBuildFile; fileRef = C83BFE78C526B7F81B53493A /* libimobiledevice-1.0.dylib */; };
		62108085D35C467F54638EED /* AFC2Explorer-Prefix.pch in Headers */ = {isa = PBXBuildFile; fileRef = E6752A1DEBDF7E7D8022C266 /* AFC2Explorer-Prefix.pch */; settings = {ATTRIBUTES = (Project, ); }; };
		760C2604D3171F26E1474255 /* main.m in Sources */ = {isa = PBXBuildFile; fileRef = 07561AB345BA3F321DAD32D2 /* main.m */; };
		78C64965153FD0140821B7AA /* MainWindowController.h in Headers */ = {isa = PBXBuildFile; fileRef = 12582ACE761F7511807FB9D1 /* MainWindowController.h */; settings = {ATTRIBUTES = (Project, ); }; };
		83F0E5303ACFC757F44AB0AC /* FileSafetyLayer.m in Sources */ = {isa = PBXBuildFile; fileRef = 27BD6D728C3EE285801839E1 /* FileSafetyLayer.m */; };
		86EA4F8FAAAB694792633764 /* FileSafetyLayer.h in Headers */ = {isa = PBXBuildFile; fileRef = B9634C815C5690FC4DFBC77A /* FileSafetyLayer.h */; settings = {ATTRIBUTES = (Project, ); }; };
		99058E6544BA730B718B25CE /* TransferEngine.m in Sources */ = {isa = PBXBuildFile; fileRef = 2F3D5BBC6B31147AD03DE5FA /* TransferEngine.m */; };
		9A4606ED5FE2FDD106968ACF /* AFC2Explorer.entitlements in Resources */ = {isa = PBXBuildFile; fileRef = 81EB80881DC547CCD754796B /* AFC2Explorer.entitlements */; };
		9F1BCC8B1A3BC5D5DDF7696F /* AFC2Client.h in Headers */ = {isa = PBXBuildFile; fileRef = 9879470169CF8BAE31AAC108 /* AFC2Client.h */; settings = {ATTRIBUTES = (Project, ); }; };
		A5AD1064DD2EB8592B969E78 /* libplist-2.0.dylib in Copy Frameworks */ = {isa = PBXBuildFile; fileRef = D39E33348B1E9304E60449AD /* libplist-2.0.dylib */; };
		AA1B6A237FAAECE4CE70F998 /* iPadBrowserViewController.m in Sources */ = {isa = PBXBuildFile; fileRef = 18C4DD7207DD1D0213020D80 /* iPadBrowserViewController.m */; };
		D82FFB57D13638523C370ECC /* MacBrowserViewController.h in Headers */ = {isa = PBXBuildFile; fileRef = 2BAEA25B77CDE437D1829D7C /* MacBrowserViewController.h */; settings = {ATTRIBUTES = (Project, ); }; };
		DB4F7F72134F32FF0F7F677D /* DeviceManager.h in Headers */ = {isa = PBXBuildFile; fileRef = 57F240C1252C5ABB3F523FFC /* DeviceManager.h */; settings = {ATTRIBUTES = (Project, ); }; };
		F19601DA162A7CF9A02F45F1 /* MainWindowController.m in Sources */ = {isa = PBXBuildFile; fileRef = BD86ED158CD6BA3303EFACD4 /* MainWindowController.m */; };
		F4C041C873C037CE047A620D /* TransferPanelViewController.m in Sources */ = {isa = PBXBuildFile; fileRef = B03480C50B919BD3738870E1 /* TransferPanelViewController.m */; };
		FB31BCD6DBAB578A76B25108 /* TransferPanelViewController.h in Headers */ = {isa = PBXBuildFile; fileRef = 8AF85CA71502F7C1B316396D /* TransferPanelViewController.h */; settings = {ATTRIBUTES = (Project, ); }; };
/* End PBXBuildFile section */

/* Begin PBXCopyFilesBuildPhase section */
		E6B7FA64F79D68FA4EE8AFF1 /* Copy Frameworks */ = {
			isa = PBXCopyFilesBuildPhase;
			buildActionMask = 2147483647;
			dstPath = "";
			dstSubfolderSpec = 10;
			files = (
				5A7F97C2D014C2B3811C4D6B /* libimobiledevice-1.0.dylib in Copy Frameworks */,
				22BDF52123F86F0723D18C1F /* libusbmuxd-2.0.dylib in Copy Frameworks */,
				A5AD1064DD2EB8592B969E78 /* libplist-2.0.dylib in Copy Frameworks */,
			);
			name = "Copy Frameworks";
			runOnlyForDeploymentPostprocessing = 0;
		};
/* End PBXCopyFilesBuildPhase section */

/* Begin PBXFileReference section */
		07561AB345BA3F321DAD32D2 /* main.m */ = {isa = PBXFileReference; lastKnownFileType = sourcecode.c.objc; path = main.m; sourceTree = SOURCE_ROOT; };
		12582ACE761F7511807FB9D1 /* MainWindowController.h */ = {isa = PBXFileReference; lastKnownFileType = sourcecode.c.h; path = MainWindowController.h; sourceTree = SOURCE_ROOT; };
		169BBB48EC13D9133CAF28B8 /* AFC2Client.m */ = {isa = PBXFileReference; lastKnownFileType = sourcecode.c.objc; path = AFC2Client.m; sourceTree = SOURCE_ROOT; };
		18C4DD7207DD1D0213020D80 /* iPadBrowserViewController.m */ = {isa = PBXFileReference; lastKnownFileType = sourcecode.c.objc; path = iPadBrowserViewController.m; sourceTree = SOURCE_ROOT; };
		20E60FD44817F6C84846C93F /* MacBrowserViewController.m */ = {isa = PBXFileReference; lastKnownFileType = sourcecode.c.objc; path = MacBrowserViewController.m; sourceTree = SOURCE_ROOT; };
		25257446E33176CD6F09D086 /* AppDelegate.m */ = {isa = PBXFileReference; lastKnownFileType = sourcecode.c.objc; path = AppDelegate.m; sourceTree = SOURCE_ROOT; };
		27BD6D728C3EE285801839E1 /* FileSafetyLayer.m */ = {isa = PBXFileReference; lastKnownFileType = sourcecode.c.objc; path = FileSafetyLayer.m; sourceTree = SOURCE_ROOT; };
		2BAEA25B77CDE437D1829D7C /* MacBrowserViewController.h */ = {isa = PBXFileReference; lastKnownFileType = sourcecode.c.h; path = MacBrowserViewController.h; sourceTree = SOURCE_ROOT; };
		2F3D5BBC6B31147AD03DE5FA /* TransferEngine.m */ = {isa = PBXFileReference; lastKnownFileType = sourcecode.c.objc; path = TransferEngine.m; sourceTree = SOURCE_ROOT; };
		554435962F5573F300C5DC19 /* StatusBarController.h */ = {isa = PBXFileReference; lastKnownFileType = sourcecode.c.h; path = StatusBarController.h; sourceTree = "<group>"; };
		554435972F55741000C5DC19 /* StatusBarController.m */ = {isa = PBXFileReference; lastKnownFileType = sourcecode.c.objc; path = StatusBarController.m; sourceTree = "<group>"; };
		57F240C1252C5ABB3F523FFC /* DeviceManager.h */ = {isa = PBXFileReference; lastKnownFileType = sourcecode.c.h; path = DeviceManager.h; sourceTree = SOURCE_ROOT; };
		6FDDB9248DE73041770440CF /* iPadBrowserViewController.h */ = {isa = PBXFileReference; lastKnownFileType = sourcecode.c.h; path = iPadBrowserViewController.h; sourceTree = SOURCE_ROOT; };
		7457F2FA33E5CD3C0ABAB96E /* AppDelegate.h */ = {isa = PBXFileReference; lastKnownFileType = sourcecode.c.h; path = AppDelegate.h; sourceTree = SOURCE_ROOT; };
		81EB80881DC547CCD754796B /* AFC2Explorer.entitlements */ = {isa = PBXFileReference; lastKnownFileType = text.plist.entitlements; path = AFC2Explorer.entitlements; sourceTree = SOURCE_ROOT; };
		8AF85CA71502F7C1B316396D /* TransferPanelViewController.h */ = {isa = PBXFileReference; lastKnownFileType = sourcecode.c.h; path = TransferPanelViewController.h; sourceTree = SOURCE_ROOT; };
		9879470169CF8BAE31AAC108 /* AFC2Client.h */ = {isa = PBXFileReference; lastKnownFileType = sourcecode.c.h; path = AFC2Client.h; sourceTree = SOURCE_ROOT; };
		9F11559C87AB9642D370741B /* TransferEngine.h */ = {isa = PBXFileReference; lastKnownFileType = sourcecode.c.h; path = TransferEngine.h; sourceTree = SOURCE_ROOT; };
		B03480C50B919BD3738870E1 /* TransferPanelViewController.m */ = {isa = PBXFileReference; lastKnownFileType = sourcecode.c.objc; path = TransferPanelViewController.m; sourceTree = SOURCE_ROOT; };
		B9634C815C5690FC4DFBC77A /* FileSafetyLayer.h */ = {isa = PBXFileReference; lastKnownFileType = sourcecode.c.h; path = FileSafetyLayer.h; sourceTree = SOURCE_ROOT; };
		BD86ED158CD6BA3303EFACD4 /* MainWindowController.m */ = {isa = PBXFileReference; lastKnownFileType = sourcecode.c.objc; path = MainWindowController.m; sourceTree = SOURCE_ROOT; };
		C83BFE78C526B7F81B53493A /* libimobiledevice-1.0.dylib */ = {isa = PBXFileReference; lastKnownFileType = "compiled.mach-o.dylib"; name = "libimobiledevice-1.0.dylib"; path = "Frameworks/libimobiledevice-1.0.dylib"; sourceTree = SOURCE_ROOT; };
		D39E33348B1E9304E60449AD /* libplist-2.0.dylib */ = {isa = PBXFileReference; lastKnownFileType = "compiled.mach-o.dylib"; name = "libplist-2.0.dylib"; path = "Frameworks/libplist-2.0.dylib"; sourceTree = SOURCE_ROOT; };
		E6752A1DEBDF7E7D8022C266 /* AFC2Explorer-Prefix.pch */ = {isa = PBXFileReference; lastKnownFileType = sourcecode.c.h; path = "AFC2Explorer-Prefix.pch"; sourceTree = "<group>"; };
		F6C90AADFCDA20D46136E052 /* AFC2Explorer.app */ = {isa = PBXFileReference; explicitFileType = wrapper.application; includeInIndex = 0; path = AFC2Explorer.app; sourceTree = BUILT_PRODUCTS_DIR; };
		F92ED4473BA509267AABD6E6 /* libusbmuxd-2.0.dylib */ = {isa = PBXFileReference; lastKnownFileType = "compiled.mach-o.dylib"; name = "libusbmuxd-2.0.dylib"; path = "Frameworks/libusbmuxd-2.0.dylib"; sourceTree = SOURCE_ROOT; };
		FB368BBCF1E8A604E5D062DC /* Info.plist */ = {isa = PBXFileReference; lastKnownFileType = text.plist.xml; path = Info.plist; sourceTree = SOURCE_ROOT; };
		FCC6DC4501EB1C5BCE32A991 /* DeviceManager.m */ = {isa = PBXFileReference; lastKnownFileType = sourcecode.c.objc; path = DeviceManager.m; sourceTree = SOURCE_ROOT; };
/* End PBXFileReference section */

/* Begin PBXFrameworksBuildPhase section */
		CA6C3041B110991165070590 /* Frameworks */ = {
			isa = PBXFrameworksBuildPhase;
			buildActionMask = 2147483647;
			files = (
			);
			runOnlyForDeploymentPostprocessing = 0;
		};
/* End PBXFrameworksBuildPhase section */

/* Begin PBXGroup section */
		0EC2B19EFD7B082F933D7C5C /* Resources */ = {
			isa = PBXGroup;
			children = (
				FB368BBCF1E8A604E5D062DC /* Info.plist */,
				81EB80881DC547CCD754796B /* AFC2Explorer.entitlements */,
			);
			name = Resources;
			sourceTree = "<group>";
		};
		5BCB5B4FA3B5B668D3EADFA4 = {
			isa = PBXGroup;
			children = (
				DF621B3A20D2A8A058237012 /* Sources */,
				D8A1A98F1C4690F2F3EA9B3D /* Headers */,
				0EC2B19EFD7B082F933D7C5C /* Resources */,
				99ED4A81F8BB302D33DD57A0 /* Frameworks */,
				8B5468D33613855214928251 /* Products */,
			);
			sourceTree = "<group>";
		};
		8B5468D33613855214928251 /* Products */ = {
			isa = PBXGroup;
			children = (
				F6C90AADFCDA20D46136E052 /* AFC2Explorer.app */,
			);
			name = Products;
			sourceTree = "<group>";
		};
		99ED4A81F8BB302D33DD57A0 /* Frameworks */ = {
			isa = PBXGroup;
			children = (
				C83BFE78C526B7F81B53493A /* libimobiledevice-1.0.dylib */,
				F92ED4473BA509267AABD6E6 /* libusbmuxd-2.0.dylib */,
				D39E33348B1E9304E60449AD /* libplist-2.0.dylib */,
			);
			name = Frameworks;
			sourceTree = "<group>";
		};
		D8A1A98F1C4690F2F3EA9B3D /* Headers */ = {
			isa = PBXGroup;
			children = (
				7457F2FA33E5CD3C0ABAB96E /* AppDelegate.h */,
				57F240C1252C5ABB3F523FFC /* DeviceManager.h */,
				9879470169CF8BAE31AAC108 /* AFC2Client.h */,
				9F11559C87AB9642D370741B /* TransferEngine.h */,
				B9634C815C5690FC4DFBC77A /* FileSafetyLayer.h */,
				12582ACE761F7511807FB9D1 /* MainWindowController.h */,
				8AF85CA71502F7C1B316396D /* TransferPanelViewController.h */,
				2BAEA25B77CDE437D1829D7C /* MacBrowserViewController.h */,
				6FDDB9248DE73041770440CF /* iPadBrowserViewController.h */,
				E6752A1DEBDF7E7D8022C266 /* AFC2Explorer-Prefix.pch */,
				554435962F5573F300C5DC19 /* StatusBarController.h */,
			);
			name = Headers;
			sourceTree = "<group>";
		};
		DF621B3A20D2A8A058237012 /* Sources */ = {
			isa = PBXGroup;
			children = (
				07561AB345BA3F321DAD32D2 /* main.m */,
				25257446E33176CD6F09D086 /* AppDelegate.m */,
				FCC6DC4501EB1C5BCE32A991 /* DeviceManager.m */,
				169BBB48EC13D9133CAF28B8 /* AFC2Client.m */,
				2F3D5BBC6B31147AD03DE5FA /* TransferEngine.m */,
				27BD6D728C3EE285801839E1 /* FileSafetyLayer.m */,
				BD86ED158CD6BA3303EFACD4 /* MainWindowController.m */,
				B03480C50B919BD3738870E1 /* TransferPanelViewController.m */,
				20E60FD44817F6C84846C93F /* MacBrowserViewController.m */,
				18C4DD7207DD1D0213020D80 /* iPadBrowserViewController.m */,
				554435972F55741000C5DC19 /* StatusBarController.m */,
			);
			name = Sources;
			sourceTree = "<group>";
		};
/* End PBXGroup section */

/* Begin PBXHeadersBuildPhase section */
		F668574D0A1A5CB7A00CBD8F /* Headers */ = {
			isa = PBXHeadersBuildPhase;
			buildActionMask = 2147483647;
			files = (
				067A09FBFD61E4E045A2D07A /* AppDelegate.h in Headers */,
				DB4F7F72134F32FF0F7F677D /* DeviceManager.h in Headers */,
				9F1BCC8B1A3BC5D5DDF7696F /* AFC2Client.h in Headers */,
				47BB6B6C6EC693A60D3CFC22 /* TransferEngine.h in Headers */,
				86EA4F8FAAAB694792633764 /* FileSafetyLayer.h in Headers */,
				78C64965153FD0140821B7AA /* MainWindowController.h in Headers */,
				FB31BCD6DBAB578A76B25108 /* TransferPanelViewController.h in Headers */,
				554435992F5576AD00C5DC19 /* StatusBarController.h in Headers */,
				D82FFB57D13638523C370ECC /* MacBrowserViewController.h in Headers */,
				54FB9939D7567AB26C2A9CEC /* iPadBrowserViewController.h in Headers */,
				62108085D35C467F54638EED /* AFC2Explorer-Prefix.pch in Headers */,
			);
			runOnlyForDeploymentPostprocessing = 0;
		};
/* End PBXHeadersBuildPhase section */

/* Begin PBXNativeTarget section */
		69176456D20C0528940D3ACA /* AFC2Explorer */ = {
			isa = PBXNativeTarget;
			buildConfigurationList = 1E88FC06C5555FE6488CECBC /* Build configuration list for PBXNativeTarget "AFC2Explorer" */;
			buildPhases = (
				F668574D0A1A5CB7A00CBD8F /* Headers */,
				0FFCA410BB6F16B3FF48597B /* Sources */,
				9BDB8E038EE37AF9AB9EC666 /* Resources */,
				E6B7FA64F79D68FA4EE8AFF1 /* Copy Frameworks */,
				CA6C3041B110991165070590 /* Frameworks */,
			);
			buildRules = (
			);
			dependencies = (
			);
			name = AFC2Explorer;
			productName = AFC2Utility;
			productReference = F6C90AADFCDA20D46136E052 /* AFC2Explorer.app */;
			productType = "com.apple.product-type.application";
		};
/* End PBXNativeTarget section */

/* Begin PBXProject section */
		1BE198CBE5D59914B62C2511 /* Project object */ = {
			isa = PBXProject;
			attributes = {
				LastUpgradeCheck = 1100;
				TargetAttributes = {
					69176456D20C0528940D3ACA = {
						CreatedOnToolsVersion = 11.0;
					};
				};
			};
			buildConfigurationList = 3D4B451C977F8F68EAE9FC60 /* Build configuration list for PBXProject "AFC2Explorer" */;
			compatibilityVersion = "Xcode 11.0";
			developmentRegion = en;
			hasScannedForEncodings = 0;
			knownRegions = (
				en,
				Base,
			);
			mainGroup = 5BCB5B4FA3B5B668D3EADFA4;
			productRefGroup = 8B5468D33613855214928251 /* Products */;
			projectDirPath = "";
			projectRoot = "";
			targets = (
				69176456D20C0528940D3ACA /* AFC2Explorer */,
			);
		};
/* End PBXProject section */

/* Begin PBXResourcesBuildPhase section */
		9BDB8E038EE37AF9AB9EC666 /* Resources */ = {
			isa = PBXResourcesBuildPhase;
			buildActionMask = 2147483647;
			files = (
				10055D6E43B3B2FFFDDD8B3D /* Info.plist in Resources */,
				9A4606ED5FE2FDD106968ACF /* AFC2Explorer.entitlements in Resources */,
			);
			runOnlyForDeploymentPostprocessing = 0;
		};
/* End PBXResourcesBuildPhase section */

/* Begin PBXSourcesBuildPhase section */
		0FFCA410BB6F16B3FF48597B /* Sources */ = {
			isa = PBXSourcesBuildPhase;
			buildActionMask = 2147483647;
			files = (
				554435982F55741000C5DC19 /* StatusBarController.m in Sources */,
				760C2604D3171F26E1474255 /* main.m in Sources */,
				4EC0BF7C9A7E35314FD6A722 /* AppDelegate.m in Sources */,
				4C9FD3C36C72BE188426A110 /* DeviceManager.m in Sources */,
				05404770EC7A0C0DAF3D049D /* AFC2Client.m in Sources */,
				99058E6544BA730B718B25CE /* TransferEngine.m in Sources */,
				83F0E5303ACFC757F44AB0AC /* FileSafetyLayer.m in Sources */,
				F19601DA162A7CF9A02F45F1 /* MainWindowController.m in Sources */,
				F4C041C873C037CE047A620D /* TransferPanelViewController.m in Sources */,
				0756A3D1D8C6A9DE476DD669 /* MacBrowserViewController.m in Sources */,
				AA1B6A237FAAECE4CE70F998 /* iPadBrowserViewController.m in Sources */,
			);
			runOnlyForDeploymentPostprocessing = 0;
		};
/* End PBXSourcesBuildPhase section */

/* Begin XCBuildConfiguration section */
		2C29105B071AC52275D1E8BB /* Release */ = {
			isa = XCBuildConfiguration;
			buildSettings = {
				ALWAYS_EMBED_SWIFT_STANDARD_LIBRARIES = NO;
				ASSETCATALOG_COMPILER_APPICON_NAME = AppIcon;
				CODE_SIGN_ENTITLEMENTS = AFC2Explorer.entitlements;
				CODE_SIGN_STYLE = Manual;
				COMBINE_HIDPI_IMAGES = YES;
				DEVELOPMENT_TEAM = "";
				ENABLE_HARDENED_RUNTIME = YES;
				GCC_PRECOMPILE_PREFIX_HEADER = YES;
				GCC_PREFIX_HEADER = "AFC2Explorer-Prefix.pch";
				HEADER_SEARCH_PATHS = (
					"$(SRCROOT)",
					/opt/homebrew/include,
					/usr/local/include,
				);
				INFOPLIST_FILE = Info.plist;
				LD_RUNPATH_SEARCH_PATHS = (
					"$(inherited)",
					"@executable_path/../Frameworks",
				);
				MACOSX_DEPLOYMENT_TARGET = 10.15;
				OTHER_LDFLAGS = (
					"-L$(SRCROOT)/Frameworks",
					"-limobiledevice-1.0",
					"-lusbmuxd-2.0",
					"-lplist-2.0",
				);
				PRODUCT_BUNDLE_IDENTIFIER = dev.sen0rxol0.AFC2Explorer;
				PRODUCT_NAME = "$(TARGET_NAME)";
				PROVISIONING_PROFILE_SPECIFIER = "";
				WRAPPER_EXTENSION = app;
			};
			name = Release;
		};
		6698825DE3B23E0C1B1B22E0 /* Release */ = {
			isa = XCBuildConfiguration;
			buildSettings = {
				ALWAYS_SEARCH_USER_PATHS = NO;
				CLANG_ANALYZER_NONNULL = YES;
				CLANG_ANALYZER_NUMBER_OBJECT_CONVERSION = YES_AGGRESSIVE;
				CLANG_CXX_LANGUAGE_STANDARD = "gnu++14";
				CLANG_ENABLE_MODULES = YES;
				CLANG_ENABLE_OBJC_ARC = YES;
				CLANG_ENABLE_OBJC_WEAK = YES;
				CLANG_WARN_BLOCK_CAPTURE_AUTORELEASING = YES;
				CLANG_WARN_BOOL_CONVERSION = YES;
				CLANG_WARN_COMMA = YES;
				CLANG_WARN_CONSTANT_CONVERSION = YES;
				CLANG_WARN_DEPRECATED_OBJC_IMPLEMENTATIONS = YES;
				CLANG_WARN_DIRECT_OBJC_ISA_USAGE = YES_ERROR;
				CLANG_WARN_DOCUMENTATION_COMMENTS = YES;
				CLANG_WARN_EMPTY_BODY = YES;
				CLANG_WARN_ENUM_CONVERSION = YES;
				CLANG_WARN_INFINITE_RECURSION = YES;
				CLANG_WARN_INT_CONVERSION = YES;
				CLANG_WARN_NON_LITERAL_NULL_CONVERSION = YES;
				CLANG_WARN_OBJC_IMPLICIT_RETAIN_SELF = YES;
				CLANG_WARN_OBJC_LITERAL_CONVERSION = YES;
				CLANG_WARN_OBJC_ROOT_CLASS = YES_ERROR;
				CLANG_WARN_RANGE_LOOP_ANALYSIS = YES;
				CLANG_WARN_STRICT_PROTOTYPES = YES;
				CLANG_WARN_SUSPICIOUS_MOVE = YES;
				CLANG_WARN_UNGUARDED_AVAILABILITY = YES_AGGRESSIVE;
				CLANG_WARN_UNREACHABLE_CODE = YES;
				CLANG_WARN__DUPLICATE_METHOD_MATCH = YES;
				COPY_PHASE_STRIP = NO;
				DEBUG_INFORMATION_FORMAT = "dwarf-with-dsym";
				ENABLE_NS_ASSERTIONS = NO;
				ENABLE_STRICT_OBJC_MSGSEND = YES;
				GCC_C_LANGUAGE_STANDARD = gnu11;
				GCC_NO_COMMON_BLOCKS = YES;
				GCC_OPTIMIZATION_LEVEL = s;
				GCC_WARN_64_TO_32_BIT_CONVERSION = YES;
				GCC_WARN_ABOUT_RETURN_TYPE = YES_ERROR;
				GCC_WARN_UNDECLARED_SELECTOR = YES;
				GCC_WARN_UNINITIALIZED_AUTOS = YES_AGGRESSIVE;
				GCC_WARN_UNUSED_FUNCTION = YES;
				GCC_WARN_UNUSED_VARIABLE = YES;
				MACOSX_DEPLOYMENT_TARGET = 10.15;
				MTL_FAST_MATH = YES;
				SDKROOT = macosx;
				VALIDATE_PRODUCT = YES;
			};
			name = Release;
		};
		6BF329FF8CB12E8515511B43 /* Debug */ = {
			isa = XCBuildConfiguration;
			buildSettings = {
				ALWAYS_EMBED_SWIFT_STANDARD_LIBRARIES = NO;
				ASSETCATALOG_COMPILER_APPICON_NAME = AppIcon;
				CODE_SIGN_ENTITLEMENTS = AFC2Explorer.entitlements;
				CODE_SIGN_STYLE = Manual;
				COMBINE_HIDPI_IMAGES = YES;
				DEVELOPMENT_TEAM = "";
				ENABLE_HARDENED_RUNTIME = YES;
				GCC_PRECOMPILE_PREFIX_HEADER = YES;
				GCC_PREFIX_HEADER = "AFC2Explorer-Prefix.pch";
				HEADER_SEARCH_PATHS = (
					"$(SRCROOT)",
					/opt/homebrew/include,
					/usr/local/include,
				);
				INFOPLIST_FILE = Info.plist;
				LD_RUNPATH_SEARCH_PATHS = (
					"$(inherited)",
					"@executable_path/../Frameworks",
				);
				MACOSX_DEPLOYMENT_TARGET = 10.15;
				OTHER_LDFLAGS = (
					"-L$(SRCROOT)/Frameworks",
					"-limobiledevice-1.0",
					"-lusbmuxd-2.0",
					"-lplist-2.0",
				);
				PRODUCT_BUNDLE_IDENTIFIER = dev.sen0rxol0.AFC2Explorer;
				PRODUCT_NAME = "$(TARGET_NAME)";
				PROVISIONING_PROFILE_SPECIFIER = "";
				WRAPPER_EXTENSION = app;
			};
			name = Debug;
		};
		EAB226FE5A3C7304E0A04910 /* Debug */ = {
			isa = XCBuildConfiguration;
			buildSettings = {
				ALWAYS_SEARCH_USER_PATHS = NO;
				CLANG_ANALYZER_NONNULL = YES;
				CLANG_ANALYZER_NUMBER_OBJECT_CONVERSION = YES_AGGRESSIVE;
				CLANG_CXX_LANGUAGE_STANDARD = "gnu++14";
				CLANG_ENABLE_MODULES = YES;
				CLANG_ENABLE_OBJC_ARC = YES;
				CLANG_ENABLE_OBJC_WEAK = YES;
				CLANG_WARN_BLOCK_CAPTURE_AUTORELEASING = YES;
				CLANG_WARN_BOOL_CONVERSION = YES;
				CLANG_WARN_COMMA = YES;
				CLANG_WARN_CONSTANT_CONVERSION = YES;
				CLANG_WARN_DEPRECATED_OBJC_IMPLEMENTATIONS = YES;
				CLANG_WARN_DIRECT_OBJC_ISA_USAGE = YES_ERROR;
				CLANG_WARN_DOCUMENTATION_COMMENTS = YES;
				CLANG_WARN_EMPTY_BODY = YES;
				CLANG_WARN_ENUM_CONVERSION = YES;
				CLANG_WARN_INFINITE_RECURSION = YES;
				CLANG_WARN_INT_CONVERSION = YES;
				CLANG_WARN_NON_LITERAL_NULL_CONVERSION = YES;
				CLANG_WARN_OBJC_IMPLICIT_RETAIN_SELF = YES;
				CLANG_WARN_OBJC_LITERAL_CONVERSION = YES;
				CLANG_WARN_OBJC_ROOT_CLASS = YES_ERROR;
				CLANG_WARN_RANGE_LOOP_ANALYSIS = YES;
				CLANG_WARN_STRICT_PROTOTYPES = YES;
				CLANG_WARN_SUSPICIOUS_MOVE = YES;
				CLANG_WARN_UNGUARDED_AVAILABILITY = YES_AGGRESSIVE;
				CLANG_WARN_UNREACHABLE_CODE = YES;
				CLANG_WARN__DUPLICATE_METHOD_MATCH = YES;
				COPY_PHASE_STRIP = NO;
				DEBUG_INFORMATION_FORMAT = dwarf;
				ENABLE_STRICT_OBJC_MSGSEND = YES;
				ENABLE_TESTABILITY = YES;
				GCC_C_LANGUAGE_STANDARD = gnu11;
				GCC_DYNAMIC_NO_PIC = NO;
				GCC_NO_COMMON_BLOCKS = YES;
				GCC_OPTIMIZATION_LEVEL = 0;
				GCC_PREPROCESSOR_DEFINITIONS = (
					"DEBUG=1",
					"$(inherited)",
				);
				GCC_WARN_64_TO_32_BIT_CONVERSION = YES;
				GCC_WARN_ABOUT_RETURN_TYPE = YES_ERROR;
				GCC_WARN_UNDECLARED_SELECTOR = YES;
				GCC_WARN_UNINITIALIZED_AUTOS = YES_AGGRESSIVE;
				GCC_WARN_UNUSED_FUNCTION = YES;
				GCC_WARN_UNUSED_VARIABLE = YES;
				MACOSX_DEPLOYMENT_TARGET = 10.15;
				MTL_ENABLE_DEBUG_INFO = INCLUDE_SOURCE;
				MTL_FAST_MATH = YES;
				ONLY_ACTIVE_ARCH = YES;
				SDKROOT = macosx;
			};
			name = Debug;
		};
/* End XCBuildConfiguration section */

/* Begin XCConfigurationList section */
		1E88FC06C5555FE6488CECBC /* Build configuration list for PBXNativeTarget "AFC2Explorer" */ = {
			isa = XCConfigurationList;
			buildConfigurations = (
				6BF329FF8CB12E8515511B43 /* Debug */,
				2C29105B071AC52275D1E8BB /* Release */,
			);
			defaultConfigurationIsVisible = 0;
			defaultConfigurationName = Release;
		};
		3D4B451C977F8F68EAE9FC60 /* Build configuration list for PBXProject "AFC2Explorer" */ = {
			isa = XCConfigurationList;
			buildConfigurations = (
				EAB226FE5A3C7304E0A04910 /* Debug */,
				6698825DE3B23E0C1B1B22E0 /* Release */,
			);
			defaultConfigurationIsVisible = 0;
			defaultConfigurationName = Release;
		};
/* End XCConfigurationList section */
	};
	rootObject = 1BE198CBE5D59914B62C2511 /* Project object */;
}
